
Microsoft Visual Studio Solution File, Format Version 12.00
# Visual Studio 15
VisualStudioVersion = 15.0.27428.2015
MinimumVisualStudioVersion = 10.0.40219.1
Project("{FAE04EC0-301F-11D3-BF4B-00C04F79EFBC}") = "DXApp172703", "DXApp172703\DXApp172703.csproj", "{98A6272F-D3A5-4F83-9E2E-66D8916E972D}"
EndProject
Project("{FAE04EC0-301F-11D3-BF4B-00C04F79EFBC}") = "UpdateApp", "UpdateApp\UpdateApp.csproj", "{EAEAFCD5-E88D-4783-96A4-32DDD79DC286}"
EndProject
Project("{FAE04EC0-301F-11D3-BF4B-00C04F79EFBC}") = "SetupApp", "SetupApp\SetupApp.csproj", "{AB550F29-16FE-4542-97E4-53FD0AFBE715}"
EndProject
Global
	GlobalSection(SolutionConfigurationPlatforms) = preSolution
		Debug|Any CPU = Debug|Any CPU
		Release|Any CPU = Release|Any CPU
	EndGlobalSection
	GlobalSection(ProjectConfigurationPlatforms) = postSolution
		{98A6272F-D3A5-4F83-9E2E-66D8916E972D}.Debug|Any CPU.ActiveCfg = Debug|Any CPU
		{98A6272F-D3A5-4F83-9E2E-66D8916E972D}.Debug|Any CPU.Build.0 = Debug|Any CPU
		{98A6272F-D3A5-4F83-9E2E-66D8916E972D}.Release|Any CPU.ActiveCfg = Release|Any CPU
		{98A6272F-D3A5-4F83-9E2E-66D8916E972D}.Release|Any CPU.Build.0 = Release|Any CPU
		{EAEAFCD5-E88D-4783-96A4-32DDD79DC286}.Debug|Any CPU.ActiveCfg = Debug|Any CPU
		{EAEAFCD5-E88D-4783-96A4-32DDD79DC286}.Debug|Any CPU.Build.0 = Debug|Any CPU
		{EAEAFCD5-E88D-4783-96A4-32DDD79DC286}.Release|Any CPU.ActiveCfg = Release|Any CPU
		{EAEAFCD5-E88D-4783-96A4-32DDD79DC286}.Release|Any CPU.Build.0 = Release|Any CPU
		{AB550F29-16FE-4542-97E4-53FD0AFBE715}.Debug|Any CPU.ActiveCfg = Debug|Any CPU
		{AB550F29-16FE-4542-97E4-53FD0AFBE715}.Debug|Any CPU.Build.0 = Debug|Any CPU
		{AB550F29-16FE-4542-97E4-53FD0AFBE715}.Release|Any CPU.ActiveCfg = Release|Any CPU
		{AB550F29-16FE-4542-97E4-53FD0AFBE715}.Release|Any CPU.Build.0 = Release|Any CPU
	EndGlobalSection
	GlobalSection(SolutionProperties) = preSolution
		HideSolutionNode = FALSE
	EndGlobalSection
	GlobalSection(ExtensibilityGlobals) = postSolution
		SolutionGuid = {B13CBB84-67C0-4F24-A60E-CB2115C166FA}
	EndGlobalSection
EndGlobal
